
Microsoft Visual Studio Solution File, Format Version 12.00
# Visual Studio Version 16
VisualStudioVersion = 16.0.30413.136
MinimumVisualStudioVersion = 10.0.40219.1
Project("{FAE04EC0-301F-11D3-BF4B-00C04F79EFBC}") = "Ejercicio_27", "Ejercicio_26\Ejercicio_27.csproj", "{C0274645-2F1D-43B2-89EF-06773979E127}"
EndProject
Global
	GlobalSection(SolutionConfigurationPlatforms) = preSolution
		Debug|Any CPU = Debug|Any CPU
		Release|Any CPU = Release|Any CPU
	EndGlobalSection
	GlobalSection(ProjectConfigurationPlatforms) = postSolution
		{C0274645-2F1D-43B2-89EF-06773979E127}.Debug|Any CPU.ActiveCfg = Debug|Any CPU
		{C0274645-2F1D-43B2-89EF-06773979E127}.Debug|Any CPU.Build.0 = Debug|Any CPU
		{C0274645-2F1D-43B2-89EF-06773979E127}.Release|Any CPU.ActiveCfg = Release|Any CPU
		{C0274645-2F1D-43B2-89EF-06773979E127}.Release|Any CPU.Build.0 = Release|Any CPU
	EndGlobalSection
	GlobalSection(SolutionProperties) = preSolution
		HideSolutionNode = FALSE
	EndGlobalSection
	GlobalSection(ExtensibilityGlobals) = postSolution
		SolutionGuid = {83055872-1E65-4F89-AC0C-8380958E2EA1}
	EndGlobalSection
EndGlobal
