
Microsoft Visual Studio Solution File, Format Version 12.00
# Visual Studio Version 16
VisualStudioVersion = 16.0.30413.136
MinimumVisualStudioVersion = 10.0.40219.1
Project("{FAE04EC0-301F-11D3-BF4B-00C04F79EFBC}") = "UnidadesTemperatura", "UnidadesTemperatura\UnidadesTemperatura.csproj", "{C878B0DE-BD65-491F-972C-FD9E154D004B}"
EndProject
Project("{FAE04EC0-301F-11D3-BF4B-00C04F79EFBC}") = "FrmTemperatura", "FrmTemperatura\FrmTemperatura.csproj", "{94F05EAF-65A7-4136-974E-DED4E7A8634A}"
EndProject
Global
	GlobalSection(SolutionConfigurationPlatforms) = preSolution
		Debug|Any CPU = Debug|Any CPU
		Release|Any CPU = Release|Any CPU
	EndGlobalSection
	GlobalSection(ProjectConfigurationPlatforms) = postSolution
		{C878B0DE-BD65-491F-972C-FD9E154D004B}.Debug|Any CPU.ActiveCfg = Debug|Any CPU
		{C878B0DE-BD65-491F-972C-FD9E154D004B}.Debug|Any CPU.Build.0 = Debug|Any CPU
		{C878B0DE-BD65-491F-972C-FD9E154D004B}.Release|Any CPU.ActiveCfg = Release|Any CPU
		{C878B0DE-BD65-491F-972C-FD9E154D004B}.Release|Any CPU.Build.0 = Release|Any CPU
		{94F05EAF-65A7-4136-974E-DED4E7A8634A}.Debug|Any CPU.ActiveCfg = Debug|Any CPU
		{94F05EAF-65A7-4136-974E-DED4E7A8634A}.Debug|Any CPU.Build.0 = Debug|Any CPU
		{94F05EAF-65A7-4136-974E-DED4E7A8634A}.Release|Any CPU.ActiveCfg = Release|Any CPU
		{94F05EAF-65A7-4136-974E-DED4E7A8634A}.Release|Any CPU.Build.0 = Release|Any CPU
	EndGlobalSection
	GlobalSection(SolutionProperties) = preSolution
		HideSolutionNode = FALSE
	EndGlobalSection
	GlobalSection(ExtensibilityGlobals) = postSolution
		SolutionGuid = {6D5240AB-0F61-43E1-B832-4725CEB5D43F}
	EndGlobalSection
EndGlobal
