
Microsoft Visual Studio Solution File, Format Version 12.00
# Visual Studio Version 16
VisualStudioVersion = 16.0.30413.136
MinimumVisualStudioVersion = 10.0.40219.1
Project("{FAE04EC0-301F-11D3-BF4B-00C04F79EFBC}") = "Ejercicio_09", "Ejercicio_09\Ejercicio_09.csproj", "{D90A9A8D-0D79-4695-B57D-5C537C3D1EE1}"
EndProject
Global
	GlobalSection(SolutionConfigurationPlatforms) = preSolution
		Debug|Any CPU = Debug|Any CPU
		Release|Any CPU = Release|Any CPU
	EndGlobalSection
	GlobalSection(ProjectConfigurationPlatforms) = postSolution
		{D90A9A8D-0D79-4695-B57D-5C537C3D1EE1}.Debug|Any CPU.ActiveCfg = Debug|Any CPU
		{D90A9A8D-0D79-4695-B57D-5C537C3D1EE1}.Debug|Any CPU.Build.0 = Debug|Any CPU
		{D90A9A8D-0D79-4695-B57D-5C537C3D1EE1}.Release|Any CPU.ActiveCfg = Release|Any CPU
		{D90A9A8D-0D79-4695-B57D-5C537C3D1EE1}.Release|Any CPU.Build.0 = Release|Any CPU
	EndGlobalSection
	GlobalSection(SolutionProperties) = preSolution
		HideSolutionNode = FALSE
	EndGlobalSection
	GlobalSection(ExtensibilityGlobals) = postSolution
		SolutionGuid = {29A43E37-1FD5-49CF-8CBB-00A8414D8BB4}
	EndGlobalSection
EndGlobal
