
Microsoft Visual Studio Solution File, Format Version 12.00
# Visual Studio Version 16
VisualStudioVersion = 16.0.30413.136
MinimumVisualStudioVersion = 10.0.40219.1
Project("{FAE04EC0-301F-11D3-BF4B-00C04F79EFBC}") = "Ejercicio_28", "Ejercicio_28\Ejercicio_28.csproj", "{77C7871C-CF3A-4944-8ED1-BB4E159180E7}"
EndProject
Project("{FAE04EC0-301F-11D3-BF4B-00C04F79EFBC}") = "prueba", "prueba\prueba.csproj", "{8DCA309D-0766-4169-B8E3-0A6098543C21}"
EndProject
Global
	GlobalSection(SolutionConfigurationPlatforms) = preSolution
		Debug|Any CPU = Debug|Any CPU
		Release|Any CPU = Release|Any CPU
	EndGlobalSection
	GlobalSection(ProjectConfigurationPlatforms) = postSolution
		{77C7871C-CF3A-4944-8ED1-BB4E159180E7}.Debug|Any CPU.ActiveCfg = Debug|Any CPU
		{77C7871C-CF3A-4944-8ED1-BB4E159180E7}.Debug|Any CPU.Build.0 = Debug|Any CPU
		{77C7871C-CF3A-4944-8ED1-BB4E159180E7}.Release|Any CPU.ActiveCfg = Release|Any CPU
		{77C7871C-CF3A-4944-8ED1-BB4E159180E7}.Release|Any CPU.Build.0 = Release|Any CPU
		{8DCA309D-0766-4169-B8E3-0A6098543C21}.Debug|Any CPU.ActiveCfg = Debug|Any CPU
		{8DCA309D-0766-4169-B8E3-0A6098543C21}.Debug|Any CPU.Build.0 = Debug|Any CPU
		{8DCA309D-0766-4169-B8E3-0A6098543C21}.Release|Any CPU.ActiveCfg = Release|Any CPU
		{8DCA309D-0766-4169-B8E3-0A6098543C21}.Release|Any CPU.Build.0 = Release|Any CPU
	EndGlobalSection
	GlobalSection(SolutionProperties) = preSolution
		HideSolutionNode = FALSE
	EndGlobalSection
	GlobalSection(ExtensibilityGlobals) = postSolution
		SolutionGuid = {E5AA1510-887D-41A5-96A9-10BE36E7C51D}
	EndGlobalSection
EndGlobal
