
Microsoft Visual Studio Solution File, Format Version 12.00
# Visual Studio Version 16
VisualStudioVersion = 16.0.30413.136
MinimumVisualStudioVersion = 10.0.40219.1
Project("{FAE04EC0-301F-11D3-BF4B-00C04F79EFBC}") = "ConsoleApp1", "ConsoleApp1\ConsoleApp1.csproj", "{640433FC-1983-4233-B60C-8405EB9D53C7}"
EndProject
Global
	GlobalSection(SolutionConfigurationPlatforms) = preSolution
		Debug|Any CPU = Debug|Any CPU
		Release|Any CPU = Release|Any CPU
	EndGlobalSection
	GlobalSection(ProjectConfigurationPlatforms) = postSolution
		{640433FC-1983-4233-B60C-8405EB9D53C7}.Debug|Any CPU.ActiveCfg = Debug|Any CPU
		{640433FC-1983-4233-B60C-8405EB9D53C7}.Debug|Any CPU.Build.0 = Debug|Any CPU
		{640433FC-1983-4233-B60C-8405EB9D53C7}.Release|Any CPU.ActiveCfg = Release|Any CPU
		{640433FC-1983-4233-B60C-8405EB9D53C7}.Release|Any CPU.Build.0 = Release|Any CPU
	EndGlobalSection
	GlobalSection(SolutionProperties) = preSolution
		HideSolutionNode = FALSE
	EndGlobalSection
	GlobalSection(ExtensibilityGlobals) = postSolution
		SolutionGuid = {1165EB47-0FED-4A33-9ADD-C603EDB82BEF}
	EndGlobalSection
EndGlobal
